
Microsoft Visual Studio Solution File, Format Version 12.00
# Visual Studio Express 2013 for Windows Desktop
VisualStudioVersion = 12.0.21005.1
MinimumVisualStudioVersion = 10.0.40219.1
Project("{8BC9CEB8-8B4A-11D0-8D11-00A0C91BC942}") = "WspGraphics", "..\WspGraphics\WspGraphics.vcxproj", "{53125F18-AA5B-4720-8B17-A1D9E42681DB}"
EndProject
Project("{8BC9CEB8-8B4A-11D0-8D11-00A0C91BC942}") = "WspImage", "..\WspImage\WspImage.vcxproj", "{C590292C-3997-4240-A3B4-A0751590FC72}"
EndProject
Project("{8BC9CEB8-8B4A-11D0-8D11-00A0C91BC942}") = "WspCommon", "..\WspCommon\WspCommon.vcxproj", "{F4729EFF-A7A1-42AD-9F9E-1CBBACA7933C}"
EndProject
Project("{8BC9CEB8-8B4A-11D0-8D11-00A0C91BC942}") = "WspMath", "..\WspMath\WspMath.vcxproj", "{493134A5-169E-47D3-BE30-862AE3AF6217}"
EndProject
Project("{8BC9CEB8-8B4A-11D0-8D11-00A0C91BC942}") = "WspGui", "WspGui.vcxproj", "{131F9179-5D16-43F3-A006-DCB2BE24CA6D}"
EndProject
Project("{8BC9CEB8-8B4A-11D0-8D11-00A0C91BC942}") = "WspMultimedia", "..\WspMultimedia\WspMultimedia.vcxproj", "{61FA3CE3-1DE6-4AEB-8EAB-C63B9576B3F1}"
EndProject
Project("{8BC9CEB8-8B4A-11D0-8D11-00A0C91BC942}") = "WspVideo", "..\WspVideo\WspVideo.vcxproj", "{9DE7A71F-DC74-4389-B1C3-E8C1DE98CD11}"
EndProject
Project("{8BC9CEB8-8B4A-11D0-8D11-00A0C91BC942}") = "WspSound", "..\WspSound\WspSound.vcxproj", "{0EC6D261-8F14-44E9-97E6-CC8DF09E64AD}"
EndProject
Project("{8BC9CEB8-8B4A-11D0-8D11-00A0C91BC942}") = "WspXerces", "..\WspXerces\WspXerces.vcxproj", "{43990F85-8959-41F9-A2C1-08E44FD97DEF}"
EndProject
Project("{8BC9CEB8-8B4A-11D0-8D11-00A0C91BC942}") = "WspOpenGL", "..\WspOpenGL\WspOpenGL.vcxproj", "{98B69EA6-475F-4167-9E89-29141799B345}"
EndProject
Global
	GlobalSection(SolutionConfigurationPlatforms) = preSolution
		Debug|Win32 = Debug|Win32
		Debug|x64 = Debug|x64
		Release|Win32 = Release|Win32
		Release|x64 = Release|x64
	EndGlobalSection
	GlobalSection(ProjectConfigurationPlatforms) = postSolution
		{53125F18-AA5B-4720-8B17-A1D9E42681DB}.Debug|Win32.ActiveCfg = Debug|Win32
		{53125F18-AA5B-4720-8B17-A1D9E42681DB}.Debug|Win32.Build.0 = Debug|Win32
		{53125F18-AA5B-4720-8B17-A1D9E42681DB}.Debug|x64.ActiveCfg = Debug|x64
		{53125F18-AA5B-4720-8B17-A1D9E42681DB}.Debug|x64.Build.0 = Debug|x64
		{53125F18-AA5B-4720-8B17-A1D9E42681DB}.Release|Win32.ActiveCfg = Release|Win32
		{53125F18-AA5B-4720-8B17-A1D9E42681DB}.Release|Win32.Build.0 = Release|Win32
		{53125F18-AA5B-4720-8B17-A1D9E42681DB}.Release|x64.ActiveCfg = Release|x64
		{53125F18-AA5B-4720-8B17-A1D9E42681DB}.Release|x64.Build.0 = Release|x64
		{C590292C-3997-4240-A3B4-A0751590FC72}.Debug|Win32.ActiveCfg = Debug|Win32
		{C590292C-3997-4240-A3B4-A0751590FC72}.Debug|Win32.Build.0 = Debug|Win32
		{C590292C-3997-4240-A3B4-A0751590FC72}.Debug|x64.ActiveCfg = Debug|x64
		{C590292C-3997-4240-A3B4-A0751590FC72}.Debug|x64.Build.0 = Debug|x64
		{C590292C-3997-4240-A3B4-A0751590FC72}.Release|Win32.ActiveCfg = Release|Win32
		{C590292C-3997-4240-A3B4-A0751590FC72}.Release|Win32.Build.0 = Release|Win32
		{C590292C-3997-4240-A3B4-A0751590FC72}.Release|x64.ActiveCfg = Release|x64
		{C590292C-3997-4240-A3B4-A0751590FC72}.Release|x64.Build.0 = Release|x64
		{F4729EFF-A7A1-42AD-9F9E-1CBBACA7933C}.Debug|Win32.ActiveCfg = Debug|Win32
		{F4729EFF-A7A1-42AD-9F9E-1CBBACA7933C}.Debug|Win32.Build.0 = Debug|Win32
		{F4729EFF-A7A1-42AD-9F9E-1CBBACA7933C}.Debug|x64.ActiveCfg = Debug|x64
		{F4729EFF-A7A1-42AD-9F9E-1CBBACA7933C}.Debug|x64.Build.0 = Debug|x64
		{F4729EFF-A7A1-42AD-9F9E-1CBBACA7933C}.Release|Win32.ActiveCfg = Release|Win32
		{F4729EFF-A7A1-42AD-9F9E-1CBBACA7933C}.Release|Win32.Build.0 = Release|Win32
		{F4729EFF-A7A1-42AD-9F9E-1CBBACA7933C}.Release|x64.ActiveCfg = Release|x64
		{F4729EFF-A7A1-42AD-9F9E-1CBBACA7933C}.Release|x64.Build.0 = Release|x64
		{493134A5-169E-47D3-BE30-862AE3AF6217}.Debug|Win32.ActiveCfg = Debug|Win32
		{493134A5-169E-47D3-BE30-862AE3AF6217}.Debug|Win32.Build.0 = Debug|Win32
		{493134A5-169E-47D3-BE30-862AE3AF6217}.Debug|x64.ActiveCfg = Debug|x64
		{493134A5-169E-47D3-BE30-862AE3AF6217}.Debug|x64.Build.0 = Debug|x64
		{493134A5-169E-47D3-BE30-862AE3AF6217}.Release|Win32.ActiveCfg = Release|Win32
		{493134A5-169E-47D3-BE30-862AE3AF6217}.Release|Win32.Build.0 = Release|Win32
		{493134A5-169E-47D3-BE30-862AE3AF6217}.Release|x64.ActiveCfg = Release|x64
		{493134A5-169E-47D3-BE30-862AE3AF6217}.Release|x64.Build.0 = Release|x64
		{131F9179-5D16-43F3-A006-DCB2BE24CA6D}.Debug|Win32.ActiveCfg = Debug|Win32
		{131F9179-5D16-43F3-A006-DCB2BE24CA6D}.Debug|Win32.Build.0 = Debug|Win32
		{131F9179-5D16-43F3-A006-DCB2BE24CA6D}.Debug|x64.ActiveCfg = Debug|x64
		{131F9179-5D16-43F3-A006-DCB2BE24CA6D}.Debug|x64.Build.0 = Debug|x64
		{131F9179-5D16-43F3-A006-DCB2BE24CA6D}.Release|Win32.ActiveCfg = Release|Win32
		{131F9179-5D16-43F3-A006-DCB2BE24CA6D}.Release|Win32.Build.0 = Release|Win32
		{131F9179-5D16-43F3-A006-DCB2BE24CA6D}.Release|x64.ActiveCfg = Release|x64
		{131F9179-5D16-43F3-A006-DCB2BE24CA6D}.Release|x64.Build.0 = Release|x64
		{61FA3CE3-1DE6-4AEB-8EAB-C63B9576B3F1}.Debug|Win32.ActiveCfg = Debug|Win32
		{61FA3CE3-1DE6-4AEB-8EAB-C63B9576B3F1}.Debug|Win32.Build.0 = Debug|Win32
		{61FA3CE3-1DE6-4AEB-8EAB-C63B9576B3F1}.Debug|x64.ActiveCfg = Debug|x64
		{61FA3CE3-1DE6-4AEB-8EAB-C63B9576B3F1}.Debug|x64.Build.0 = Debug|x64
		{61FA3CE3-1DE6-4AEB-8EAB-C63B9576B3F1}.Release|Win32.ActiveCfg = Release|Win32
		{61FA3CE3-1DE6-4AEB-8EAB-C63B9576B3F1}.Release|Win32.Build.0 = Release|Win32
		{61FA3CE3-1DE6-4AEB-8EAB-C63B9576B3F1}.Release|x64.ActiveCfg = Release|x64
		{61FA3CE3-1DE6-4AEB-8EAB-C63B9576B3F1}.Release|x64.Build.0 = Release|x64
		{9DE7A71F-DC74-4389-B1C3-E8C1DE98CD11}.Debug|Win32.ActiveCfg = Debug|Win32
		{9DE7A71F-DC74-4389-B1C3-E8C1DE98CD11}.Debug|Win32.Build.0 = Debug|Win32
		{9DE7A71F-DC74-4389-B1C3-E8C1DE98CD11}.Debug|x64.ActiveCfg = Debug|x64
		{9DE7A71F-DC74-4389-B1C3-E8C1DE98CD11}.Debug|x64.Build.0 = Debug|x64
		{9DE7A71F-DC74-4389-B1C3-E8C1DE98CD11}.Release|Win32.ActiveCfg = Release|Win32
		{9DE7A71F-DC74-4389-B1C3-E8C1DE98CD11}.Release|Win32.Build.0 = Release|Win32
		{9DE7A71F-DC74-4389-B1C3-E8C1DE98CD11}.Release|x64.ActiveCfg = Release|x64
		{9DE7A71F-DC74-4389-B1C3-E8C1DE98CD11}.Release|x64.Build.0 = Release|x64
		{0EC6D261-8F14-44E9-97E6-CC8DF09E64AD}.Debug|Win32.ActiveCfg = Debug|Win32
		{0EC6D261-8F14-44E9-97E6-CC8DF09E64AD}.Debug|Win32.Build.0 = Debug|Win32
		{0EC6D261-8F14-44E9-97E6-CC8DF09E64AD}.Debug|x64.ActiveCfg = Debug|x64
		{0EC6D261-8F14-44E9-97E6-CC8DF09E64AD}.Debug|x64.Build.0 = Debug|x64
		{0EC6D261-8F14-44E9-97E6-CC8DF09E64AD}.Release|Win32.ActiveCfg = Release|Win32
		{0EC6D261-8F14-44E9-97E6-CC8DF09E64AD}.Release|Win32.Build.0 = Release|Win32
		{0EC6D261-8F14-44E9-97E6-CC8DF09E64AD}.Release|x64.ActiveCfg = Release|x64
		{0EC6D261-8F14-44E9-97E6-CC8DF09E64AD}.Release|x64.Build.0 = Release|x64
		{43990F85-8959-41F9-A2C1-08E44FD97DEF}.Debug|Win32.ActiveCfg = Debug|Win32
		{43990F85-8959-41F9-A2C1-08E44FD97DEF}.Debug|Win32.Build.0 = Debug|Win32
		{43990F85-8959-41F9-A2C1-08E44FD97DEF}.Debug|x64.ActiveCfg = Debug|x64
		{43990F85-8959-41F9-A2C1-08E44FD97DEF}.Debug|x64.Build.0 = Debug|x64
		{43990F85-8959-41F9-A2C1-08E44FD97DEF}.Release|Win32.ActiveCfg = Release|Win32
		{43990F85-8959-41F9-A2C1-08E44FD97DEF}.Release|Win32.Build.0 = Release|Win32
		{43990F85-8959-41F9-A2C1-08E44FD97DEF}.Release|x64.ActiveCfg = Release|x64
		{43990F85-8959-41F9-A2C1-08E44FD97DEF}.Release|x64.Build.0 = Release|x64
		{98B69EA6-475F-4167-9E89-29141799B345}.Debug|Win32.ActiveCfg = Debug|Win32
		{98B69EA6-475F-4167-9E89-29141799B345}.Debug|Win32.Build.0 = Debug|Win32
		{98B69EA6-475F-4167-9E89-29141799B345}.Debug|x64.ActiveCfg = Debug|x64
		{98B69EA6-475F-4167-9E89-29141799B345}.Debug|x64.Build.0 = Debug|x64
		{98B69EA6-475F-4167-9E89-29141799B345}.Release|Win32.ActiveCfg = Release|Win32
		{98B69EA6-475F-4167-9E89-29141799B345}.Release|Win32.Build.0 = Release|Win32
		{98B69EA6-475F-4167-9E89-29141799B345}.Release|x64.ActiveCfg = Release|x64
		{98B69EA6-475F-4167-9E89-29141799B345}.Release|x64.Build.0 = Release|x64
	EndGlobalSection
	GlobalSection(SolutionProperties) = preSolution
		HideSolutionNode = FALSE
	EndGlobalSection
EndGlobal
