<?xml version="1.0" encoding="utf-8"?>
<Project ToolsVersion="4.0" xmlns="http://schemas.microsoft.com/developer/msbuild/2003">
  <ItemGroup>
    <Filter Include="Source Files">
      <UniqueIdentifier>{4FC737F1-C7A5-4376-A066-2A32D752A2FF}</UniqueIdentifier>
      <Extensions>cpp;c;cc;cxx;def;odl;idl;hpj;bat;asm;asmx</Extensions>
    </Filter>
    <Filter Include="Header Files">
      <UniqueIdentifier>{93995380-89BD-4b04-88EB-625FBE52EBFB}</UniqueIdentifier>
      <Extensions>h;hpp;hxx;hm;inl;inc;xsd</Extensions>
    </Filter>
    <Filter Include="Resource Files">
      <UniqueIdentifier>{67DA6AB6-F800-4c08-8B7A-83BB121AAD01}</UniqueIdentifier>
      <Extensions>rc;ico;cur;bmp;dlg;rc2;rct;bin;rgs;gif;jpg;jpeg;jpe;resx;tiff;tif;png;wav;mfcribbon-ms</Extensions>
    </Filter>
    <Filter Include="Generated Files">
      <UniqueIdentifier>{408adaf1-69c1-4831-9a27-7127afb51f48}</UniqueIdentifier>
    </Filter>
    <Filter Include="shaders">
      <UniqueIdentifier>{d65a0468-180d-41ec-88e0-8fe605f851b2}</UniqueIdentifier>
    </Filter>
  </ItemGroup>
  <ItemGroup>
    <ClCompile Include="cl-qt_abstract_mdisubwin.cpp">
      <Filter>Source Files</Filter>
    </ClCompile>
    <ClCompile Include="cl-qt_depth_to_mesh_view.cpp">
      <Filter>Source Files</Filter>
    </ClCompile>
    <ClCompile Include="cl-qt_filepath_line.cpp">
      <Filter>Source Files</Filter>
    </ClCompile>
    <ClCompile Include="cl-qt_glview.cpp">
      <Filter>Source Files</Filter>
    </ClCompile>
    <ClCompile Include="cl-qt_glwidget.cpp">
      <Filter>Source Files</Filter>
    </ClCompile>
    <ClCompile Include="cl-qt_histogram_viewer.cpp">
      <Filter>Source Files</Filter>
    </ClCompile>
    <ClCompile Include="cl-qt_image_filter_plugin_action.cpp">
      <Filter>Source Files</Filter>
    </ClCompile>
    <ClCompile Include="cl-qt_image_proc_param_dialog.cpp">
      <Filter>Source Files</Filter>
    </ClCompile>
    <ClCompile Include="cl-qt_image_seq_dialog.cpp">
      <Filter>Source Files</Filter>
    </ClCompile>
    <ClCompile Include="cl-qt_image_seq_view.cpp">
      <Filter>Source Files</Filter>
    </ClCompile>
    <ClCompile Include="cl-qt_paint_area.cpp">
      <Filter>Source Files</Filter>
    </ClCompile>
    <ClCompile Include="cl-qt_param_dialog.cpp">
      <Filter>Source Files</Filter>
    </ClCompile>
    <ClCompile Include="cl-qt_render_area.cpp">
      <Filter>Source Files</Filter>
    </ClCompile>
    <ClCompile Include="cl-qt_slider_delegate.cpp">
      <Filter>Source Files</Filter>
    </ClCompile>
    <ClCompile Include="cl-qt_spinbox_delegate_double.cpp">
      <Filter>Source Files</Filter>
    </ClCompile>
    <ClCompile Include="cl-qt_spinbox_delegate_int.cpp">
      <Filter>Source Files</Filter>
    </ClCompile>
    <ClCompile Include="cl-qt_text_number.cpp">
      <Filter>Source Files</Filter>
    </ClCompile>
    <ClCompile Include="cl-qt_unit_param_widget.cpp">
      <Filter>Source Files</Filter>
    </ClCompile>
    <ClCompile Include="GeneratedFiles\moc_cl-qt_abstract_mdisubwin.hpp.cpp">
      <Filter>Generated Files</Filter>
    </ClCompile>
    <ClCompile Include="GeneratedFiles\moc_cl-qt_depth_to_mesh_view.hpp.cpp">
      <Filter>Generated Files</Filter>
    </ClCompile>
    <ClCompile Include="GeneratedFiles\moc_cl-qt_filepath_line.hpp.cpp">
      <Filter>Generated Files</Filter>
    </ClCompile>
    <ClCompile Include="GeneratedFiles\moc_cl-qt_glview.hpp.cpp">
      <Filter>Generated Files</Filter>
    </ClCompile>
    <ClCompile Include="GeneratedFiles\moc_cl-qt_glwidget.hpp.cpp">
      <Filter>Generated Files</Filter>
    </ClCompile>
    <ClCompile Include="GeneratedFiles\moc_cl-qt_histogram_viewer.hpp.cpp">
      <Filter>Generated Files</Filter>
    </ClCompile>
    <ClCompile Include="GeneratedFiles\moc_cl-qt_image_filter_plugin_action.hpp.cpp">
      <Filter>Generated Files</Filter>
    </ClCompile>
    <ClCompile Include="GeneratedFiles\moc_cl-qt_image_proc_param_dialog.hpp.cpp">
      <Filter>Generated Files</Filter>
    </ClCompile>
    <ClCompile Include="GeneratedFiles\moc_cl-qt_image_seq_dialog.hpp.cpp">
      <Filter>Generated Files</Filter>
    </ClCompile>
    <ClCompile Include="GeneratedFiles\moc_cl-qt_image_seq_view.hpp.cpp">
      <Filter>Generated Files</Filter>
    </ClCompile>
    <ClCompile Include="GeneratedFiles\moc_cl-qt_layer_view.hpp.cpp">
      <Filter>Generated Files</Filter>
    </ClCompile>
    <ClCompile Include="GeneratedFiles\moc_cl-qt_paint_area.hpp.cpp">
      <Filter>Generated Files</Filter>
    </ClCompile>
    <ClCompile Include="GeneratedFiles\moc_cl-qt_param_dialog.hpp.cpp">
      <Filter>Generated Files</Filter>
    </ClCompile>
    <ClCompile Include="GeneratedFiles\moc_cl-qt_render_area.hpp.cpp">
      <Filter>Generated Files</Filter>
    </ClCompile>
    <ClCompile Include="GeneratedFiles\moc_cl-qt_slider.hpp.cpp">
      <Filter>Generated Files</Filter>
    </ClCompile>
    <ClCompile Include="GeneratedFiles\moc_cl-qt_slider_delegate.hpp.cpp">
      <Filter>Generated Files</Filter>
    </ClCompile>
    <ClCompile Include="GeneratedFiles\moc_cl-qt_spinbox_delegate_double.hpp.cpp">
      <Filter>Generated Files</Filter>
    </ClCompile>
    <ClCompile Include="GeneratedFiles\moc_cl-qt_spinbox_delegate_int.hpp.cpp">
      <Filter>Generated Files</Filter>
    </ClCompile>
    <ClCompile Include="GeneratedFiles\moc_cl-qt_text_edit.hpp.cpp">
      <Filter>Generated Files</Filter>
    </ClCompile>
    <ClCompile Include="GeneratedFiles\moc_cl-qt_text_number.hpp.cpp">
      <Filter>Generated Files</Filter>
    </ClCompile>
    <ClCompile Include="GeneratedFiles\moc_cl-qt_transform_param_widget.hpp.cpp">
      <Filter>Generated Files</Filter>
    </ClCompile>
    <ClCompile Include="GeneratedFiles\moc_cl-qt_unit_param_widget.hpp.cpp">
      <Filter>Generated Files</Filter>
    </ClCompile>
  </ItemGroup>
  <ItemGroup>
    <ClInclude Include="cl-qt_histogram_viewer.hpp">
      <Filter>Header Files</Filter>
    </ClInclude>
    <ClInclude Include="cl-qt_image_filter_plugin_action.hpp">
      <Filter>Header Files</Filter>
    </ClInclude>
    <ClInclude Include="cl-qt_image_proc_param_dialog.hpp">
      <Filter>Header Files</Filter>
    </ClInclude>
    <ClInclude Include="cl-qt_image_seq_dialog.hpp">
      <Filter>Header Files</Filter>
    </ClInclude>
    <ClInclude Include="cl-qt_image_seq_view.hpp">
      <Filter>Header Files</Filter>
    </ClInclude>
    <ClInclude Include="cl-qt_layer_view.hpp">
      <Filter>Header Files</Filter>
    </ClInclude>
    <ClInclude Include="cl-qt_paint_area.hpp">
      <Filter>Header Files</Filter>
    </ClInclude>
    <ClInclude Include="cl-qt_param_dialog.hpp">
      <Filter>Header Files</Filter>
    </ClInclude>
    <ClInclude Include="cl-qt_render_area.hpp">
      <Filter>Header Files</Filter>
    </ClInclude>
    <ClInclude Include="cl-qt_slider.hpp">
      <Filter>Header Files</Filter>
    </ClInclude>
    <ClInclude Include="cl-qt_slider_delegate.hpp">
      <Filter>Header Files</Filter>
    </ClInclude>
    <ClInclude Include="cl-qt_spinbox_delegate_double.hpp">
      <Filter>Header Files</Filter>
    </ClInclude>
    <ClInclude Include="cl-qt_spinbox_delegate_int.hpp">
      <Filter>Header Files</Filter>
    </ClInclude>
    <ClInclude Include="cl-qt_text_edit.hpp">
      <Filter>Header Files</Filter>
    </ClInclude>
    <ClInclude Include="cl-qt_text_number.hpp">
      <Filter>Header Files</Filter>
    </ClInclude>
    <ClInclude Include="cl-qt_transform_param_widget.hpp">
      <Filter>Header Files</Filter>
    </ClInclude>
    <ClInclude Include="cl-qt_unit_param_widget.hpp">
      <Filter>Header Files</Filter>
    </ClInclude>
    <ClInclude Include="fn-gui_io.h">
      <Filter>Header Files</Filter>
    </ClInclude>
    <ClInclude Include="interfaces.h">
      <Filter>Header Files</Filter>
    </ClInclude>
    <ClInclude Include="_define_gui.h">
      <Filter>Header Files</Filter>
    </ClInclude>
  </ItemGroup>
  <ItemGroup>
    <CustomBuild Include="cl-qt_abstract_mdisubwin.hpp">
      <Filter>Header Files</Filter>
    </CustomBuild>
    <CustomBuild Include="cl-qt_depth_to_mesh_view.hpp">
      <Filter>Header Files</Filter>
    </CustomBuild>
    <CustomBuild Include="cl-qt_filepath_line.hpp">
      <Filter>Header Files</Filter>
    </CustomBuild>
    <CustomBuild Include="cl-qt_glview.hpp">
      <Filter>Header Files</Filter>
    </CustomBuild>
    <CustomBuild Include="cl-qt_glwidget.hpp">
      <Filter>Header Files</Filter>
    </CustomBuild>
  </ItemGroup>
</Project>